// !$*UTF8*$!
{
	archiveVersion = 1;
	classes = {
	};
	objectVersion = 77;
	objects = {

/* Begin PBXBuildFile section */
		E1725BDA2ED6734900E218F3 /* FirebaseAnalytics in Frameworks */ = {isa = PBXBuildFile; productRef = E1725BD92ED6734900E218F3 /* FirebaseAnalytics */; };
		E1725BDC2ED6738C00E218F3 /* FirebaseAI in Frameworks */ = {isa = PBXBuildFile; productRef = E1725BDB2ED6738C00E218F3 /* FirebaseAI */; };
		E1725BDE2ED6738C00E218F3 /* FirebaseAILogic in Frameworks */ = {isa = PBXBuildFile; productRef = E1725BDD2ED6738C00E218F3 /* FirebaseAILogic */; };
		E1725BE02ED6738C00E218F3 /* FirebaseAnalyticsCore in Frameworks */ = {isa = PBXBuildFile; productRef = E1725BDF2ED6738C00E218F3 /* FirebaseAnalyticsCore */; };
		E1725BE22ED6738C00E218F3 /* FirebaseAnalyticsIdentitySupport in Frameworks */ = {isa = PBXBuildFile; productRef = E1725BE12ED6738C00E218F3 /* FirebaseAnalyticsIdentitySupport */; };
		E1725BE42ED6738C00E218F3 /* FirebaseAppCheck in Frameworks */ = {isa = PBXBuildFile; productRef = E1725BE32ED6738C00E218F3 /* FirebaseAppCheck */; };
		E1725BE62ED6738C00E218F3 /* FirebaseAppDistribution-Beta in Frameworks */ = {isa = PBXBuildFile; productRef = E1725BE52ED6738C00E218F3 /* FirebaseAppDistribution-Beta */; };
		E1725BE82ED6738C00E218F3 /* FirebaseAuth in Frameworks */ = {isa = PBXBuildFile; productRef = E1725BE72ED6738C00E218F3 /* FirebaseAuth */; };
		E1725BEA2ED6738C00E218F3 /* FirebaseAuthCombine-Community in Frameworks */ = {isa = PBXBuildFile; productRef = E1725BE92ED6738C00E218F3 /* FirebaseAuthCombine-Community */; };
		E1725BEC2ED6738C00E218F3 /* FirebaseCore in Frameworks */ = {isa = PBXBuildFile; productRef = E1725BEB2ED6738C00E218F3 /* FirebaseCore */; };
		E1725BEE2ED6738C00E218F3 /* FirebaseCrashlytics in Frameworks */ = {isa = PBXBuildFile; productRef = E1725BED2ED6738C00E218F3 /* FirebaseCrashlytics */; };
		E1725BF02ED6738C00E218F3 /* FirebaseDatabase in Frameworks */ = {isa = PBXBuildFile; productRef = E1725BEF2ED6738C00E218F3 /* FirebaseDatabase */; };
		E1725BF22ED6738C00E218F3 /* FirebaseFirestore in Frameworks */ = {isa = PBXBuildFile; productRef = E1725BF12ED6738C00E218F3 /* FirebaseFirestore */; };
		E1725BF42ED6738C00E218F3 /* FirebaseFirestoreCombine-Community in Frameworks */ = {isa = PBXBuildFile; productRef = E1725BF32ED6738C00E218F3 /* FirebaseFirestoreCombine-Community */; };
		E1725BF62ED6738C00E218F3 /* FirebaseFunctions in Frameworks */ = {isa = PBXBuildFile; productRef = E1725BF52ED6738C00E218F3 /* FirebaseFunctions */; };
		E1725BF82ED6738C00E218F3 /* FirebaseFunctionsCombine-Community in Frameworks */ = {isa = PBXBuildFile; productRef = E1725BF72ED6738C00E218F3 /* FirebaseFunctionsCombine-Community */; };
		E1725BFA2ED6738D00E218F3 /* FirebaseInAppMessaging-Beta in Frameworks */ = {isa = PBXBuildFile; productRef = E1725BF92ED6738D00E218F3 /* FirebaseInAppMessaging-Beta */; };
		E1725BFC2ED6738D00E218F3 /* FirebaseInstallations in Frameworks */ = {isa = PBXBuildFile; productRef = E1725BFB2ED6738D00E218F3 /* FirebaseInstallations */; };
		E1725BFE2ED6738D00E218F3 /* FirebaseMessaging in Frameworks */ = {isa = PBXBuildFile; productRef = E1725BFD2ED6738D00E218F3 /* FirebaseMessaging */; };
		E1725C002ED6738D00E218F3 /* FirebaseMLModelDownloader in Frameworks */ = {isa = PBXBuildFile; productRef = E1725BFF2ED6738D00E218F3 /* FirebaseMLModelDownloader */; };
		E1725C022ED6738D00E218F3 /* FirebasePerformance in Frameworks */ = {isa = PBXBuildFile; productRef = E1725C012ED6738D00E218F3 /* FirebasePerformance */; };
		E1725C042ED6738D00E218F3 /* FirebaseRemoteConfig in Frameworks */ = {isa = PBXBuildFile; productRef = E1725C032ED6738D00E218F3 /* FirebaseRemoteConfig */; };
		E1725C062ED6738D00E218F3 /* FirebaseStorage in Frameworks */ = {isa = PBXBuildFile; productRef = E1725C052ED6738D00E218F3 /* FirebaseStorage */; };
		E1725C082ED6738D00E218F3 /* FirebaseStorageCombine-Community in Frameworks */ = {isa = PBXBuildFile; productRef = E1725C072ED6738D00E218F3 /* FirebaseStorageCombine-Community */; };
/* End PBXBuildFile section */

/* Begin PBXContainerItemProxy section */
		E1725B702ED4D6A500E218F3 /* PBXContainerItemProxy */ = {
			isa = PBXContainerItemProxy;
			containerPortal = E1725B592ED4D6A400E218F3 /* Project object */;
			proxyType = 1;
			remoteGlobalIDString = E1725B602ED4D6A400E218F3;
			remoteInfo = PruebaPPP;
		};
		E1725B7A2ED4D6A500E218F3 /* PBXContainerItemProxy */ = {
			isa = PBXContainerItemProxy;
			containerPortal = E1725B592ED4D6A400E218F3 /* Project object */;
			proxyType = 1;
			remoteGlobalIDString = E1725B602ED4D6A400E218F3;
			remoteInfo = PruebaPPP;
		};
/* End PBXContainerItemProxy section */

/* Begin PBXFileReference section */
		E1725B612ED4D6A400E218F3 /* PruebaPPP.app */ = {isa = PBXFileReference; explicitFileType = wrapper.application; includeInIndex = 0; path = PruebaPPP.app; sourceTree = BUILT_PRODUCTS_DIR; };
		E1725B6F2ED4D6A500E218F3 /* PruebaPPPTests.xctest */ = {isa = PBXFileReference; explicitFileType = wrapper.cfbundle; includeInIndex = 0; path = PruebaPPPTests.xctest; sourceTree = BUILT_PRODUCTS_DIR; };
		E1725B792ED4D6A500E218F3 /* PruebaPPPUITests.xctest */ = {isa = PBXFileReference; explicitFileType = wrapper.cfbundle; includeInIndex = 0; path = PruebaPPPUITests.xctest; sourceTree = BUILT_PRODUCTS_DIR; };
/* End PBXFileReference section */

/* Begin PBXFileSystemSynchronizedRootGroup section */
		E1725B632ED4D6A400E218F3 /* PruebaPPP */ = {
			isa = PBXFileSystemSynchronizedRootGroup;
			path = PruebaPPP;
			sourceTree = "<group>";
		};
		E1725B722ED4D6A500E218F3 /* PruebaPPPTests */ = {
			isa = PBXFileSystemSynchronizedRootGroup;
			path = PruebaPPPTests;
			sourceTree = "<group>";
		};
		E1725B7C2ED4D6A500E218F3 /* PruebaPPPUITests */ = {
			isa = PBXFileSystemSynchronizedRootGroup;
			path = PruebaPPPUITests;
			sourceTree = "<group>";
		};
/* End PBXFileSystemSynchronizedRootGroup section */

/* Begin PBXFrameworksBuildPhase section */
		E1725B5E2ED4D6A400E218F3 /* Frameworks */ = {
			isa = PBXFrameworksBuildPhase;
			buildActionMask = 2147483647;
			files = (
				E1725BE62ED6738C00E218F3 /* FirebaseAppDistribution-Beta in Frameworks */,
				E1725BF22ED6738C00E218F3 /* FirebaseFirestore in Frameworks */,
				E1725BEA2ED6738C00E218F3 /* FirebaseAuthCombine-Community in Frameworks */,
				E1725BFC2ED6738D00E218F3 /* FirebaseInstallations in Frameworks */,
				E1725BDE2ED6738C00E218F3 /* FirebaseAILogic in Frameworks */,
				E1725BE22ED6738C00E218F3 /* FirebaseAnalyticsIdentitySupport in Frameworks */,
				E1725BFA2ED6738D00E218F3 /* FirebaseInAppMessaging-Beta in Frameworks */,
				E1725C002ED6738D00E218F3 /* FirebaseMLModelDownloader in Frameworks */,
				E1725BDA2ED6734900E218F3 /* FirebaseAnalytics in Frameworks */,
				E1725BFE2ED6738D00E218F3 /* FirebaseMessaging in Frameworks */,
				E1725C082ED6738D00E218F3 /* FirebaseStorageCombine-Community in Frameworks */,
				E1725BEE2ED6738C00E218F3 /* FirebaseCrashlytics in Frameworks */,
				E1725C062ED6738D00E218F3 /* FirebaseStorage in Frameworks */,
				E1725C042ED6738D00E218F3 /* FirebaseRemoteConfig in Frameworks */,
				E1725BF82ED6738C00E218F3 /* FirebaseFunctionsCombine-Community in Frameworks */,
				E1725BF02ED6738C00E218F3 /* FirebaseDatabase in Frameworks */,
				E1725BDC2ED6738C00E218F3 /* FirebaseAI in Frameworks */,
				E1725C022ED6738D00E218F3 /* FirebasePerformance in Frameworks */,
				E1725BEC2ED6738C00E218F3 /* FirebaseCore in Frameworks */,
				E1725BE42ED6738C00E218F3 /* FirebaseAppCheck in Frameworks */,
				E1725BE02ED6738C00E218F3 /* FirebaseAnalyticsCore in Frameworks */,
				E1725BF62ED6738C00E218F3 /* FirebaseFunctions in Frameworks */,
				E1725BE82ED6738C00E218F3 /* FirebaseAuth in Frameworks */,
				E1725BF42ED6738C00E218F3 /* FirebaseFirestoreCombine-Community in Frameworks */,
			);
			runOnlyForDeploymentPostprocessing = 0;
		};
		E1725B6C2ED4D6A500E218F3 /* Frameworks */ = {
			isa = PBXFrameworksBuildPhase;
			buildActionMask = 2147483647;
			files = (
			);
			runOnlyForDeploymentPostprocessing = 0;
		};
		E1725B762ED4D6A500E218F3 /* Frameworks */ = {
			isa = PBXFrameworksBuildPhase;
			buildActionMask = 2147483647;
			files = (
			);
			runOnlyForDeploymentPostprocessing = 0;
		};
/* End PBXFrameworksBuildPhase section */

/* Begin PBXGroup section */
		E1725B582ED4D6A400E218F3 = {
			isa = PBXGroup;
			children = (
				E1725B632ED4D6A400E218F3 /* PruebaPPP */,
				E1725B722ED4D6A500E218F3 /* PruebaPPPTests */,
				E1725B7C2ED4D6A500E218F3 /* PruebaPPPUITests */,
				E1725BD82ED6733700E218F3 /* Frameworks */,
				E1725B622ED4D6A400E218F3 /* Products */,
			);
			sourceTree = "<group>";
		};
		E1725B622ED4D6A400E218F3 /* Products */ = {
			isa = PBXGroup;
			children = (
				E1725B612ED4D6A400E218F3 /* PruebaPPP.app */,
				E1725B6F2ED4D6A500E218F3 /* PruebaPPPTests.xctest */,
				E1725B792ED4D6A500E218F3 /* PruebaPPPUITests.xctest */,
			);
			name = Products;
			sourceTree = "<group>";
		};
		E1725BD82ED6733700E218F3 /* Frameworks */ = {
			isa = PBXGroup;
			children = (
			);
			name = Frameworks;
			sourceTree = "<group>";
		};
/* End PBXGroup section */

/* Begin PBXNativeTarget section */
		E1725B602ED4D6A400E218F3 /* PruebaPPP */ = {
			isa = PBXNativeTarget;
			buildConfigurationList = E1725B832ED4D6A500E218F3 /* Build configuration list for PBXNativeTarget "PruebaPPP" */;
			buildPhases = (
				E1725B5D2ED4D6A400E218F3 /* Sources */,
				E1725B5E2ED4D6A400E218F3 /* Frameworks */,
				E1725B5F2ED4D6A400E218F3 /* Resources */,
			);
			buildRules = (
			);
			dependencies = (
			);
			fileSystemSynchronizedGroups = (
				E1725B632ED4D6A400E218F3 /* PruebaPPP */,
			);
			name = PruebaPPP;
			packageProductDependencies = (
				E1725BD92ED6734900E218F3 /* FirebaseAnalytics */,
				E1725BDB2ED6738C00E218F3 /* FirebaseAI */,
				E1725BDD2ED6738C00E218F3 /* FirebaseAILogic */,
				E1725BDF2ED6738C00E218F3 /* FirebaseAnalyticsCore */,
				E1725BE12ED6738C00E218F3 /* FirebaseAnalyticsIdentitySupport */,
				E1725BE32ED6738C00E218F3 /* FirebaseAppCheck */,
				E1725BE52ED6738C00E218F3 /* FirebaseAppDistribution-Beta */,
				E1725BE72ED6738C00E218F3 /* FirebaseAuth */,
				E1725BE92ED6738C00E218F3 /* FirebaseAuthCombine-Community */,
				E1725BEB2ED6738C00E218F3 /* FirebaseCore */,
				E1725BED2ED6738C00E218F3 /* FirebaseCrashlytics */,
				E1725BEF2ED6738C00E218F3 /* FirebaseDatabase */,
				E1725BF12ED6738C00E218F3 /* FirebaseFirestore */,
				E1725BF32ED6738C00E218F3 /* FirebaseFirestoreCombine-Community */,
				E1725BF52ED6738C00E218F3 /* FirebaseFunctions */,
				E1725BF72ED6738C00E218F3 /* FirebaseFunctionsCombine-Community */,
				E1725BF92ED6738D00E218F3 /* FirebaseInAppMessaging-Beta */,
				E1725BFB2ED6738D00E218F3 /* FirebaseInstallations */,
				E1725BFD2ED6738D00E218F3 /* FirebaseMessaging */,
				E1725BFF2ED6738D00E218F3 /* FirebaseMLModelDownloader */,
				E1725C012ED6738D00E218F3 /* FirebasePerformance */,
				E1725C032ED6738D00E218F3 /* FirebaseRemoteConfig */,
				E1725C052ED6738D00E218F3 /* FirebaseStorage */,
				E1725C072ED6738D00E218F3 /* FirebaseStorageCombine-Community */,
			);
			productName = PruebaPPP;
			productReference = E1725B612ED4D6A400E218F3 /* PruebaPPP.app */;
			productType = "com.apple.product-type.application";
		};
		E1725B6E2ED4D6A500E218F3 /* PruebaPPPTests */ = {
			isa = PBXNativeTarget;
			buildConfigurationList = E1725B862ED4D6A500E218F3 /* Build configuration list for PBXNativeTarget "PruebaPPPTests" */;
			buildPhases = (
				E1725B6B2ED4D6A500E218F3 /* Sources */,
				E1725B6C2ED4D6A500E218F3 /* Frameworks */,
				E1725B6D2ED4D6A500E218F3 /* Resources */,
			);
			buildRules = (
			);
			dependencies = (
				E1725B712ED4D6A500E218F3 /* PBXTargetDependency */,
			);
			fileSystemSynchronizedGroups = (
				E1725B722ED4D6A500E218F3 /* PruebaPPPTests */,
			);
			name = PruebaPPPTests;
			packageProductDependencies = (
			);
			productName = PruebaPPPTests;
			productReference = E1725B6F2ED4D6A500E218F3 /* PruebaPPPTests.xctest */;
			productType = "com.apple.product-type.bundle.unit-test";
		};
		E1725B782ED4D6A500E218F3 /* PruebaPPPUITests */ = {
			isa = PBXNativeTarget;
			buildConfigurationList = E1725B892ED4D6A500E218F3 /* Build configuration list for PBXNativeTarget "PruebaPPPUITests" */;
			buildPhases = (
				E1725B752ED4D6A500E218F3 /* Sources */,
				E1725B762ED4D6A500E218F3 /* Frameworks */,
				E1725B772ED4D6A500E218F3 /* Resources */,
			);
			buildRules = (
			);
			dependencies = (
				E1725B7B2ED4D6A500E218F3 /* PBXTargetDependency */,
			);
			fileSystemSynchronizedGroups = (
				E1725B7C2ED4D6A500E218F3 /* PruebaPPPUITests */,
			);
			name = PruebaPPPUITests;
			packageProductDependencies = (
			);
			productName = PruebaPPPUITests;
			productReference = E1725B792ED4D6A500E218F3 /* PruebaPPPUITests.xctest */;
			productType = "com.apple.product-type.bundle.ui-testing";
		};
/* End PBXNativeTarget section */

/* Begin PBXProject section */
		E1725B592ED4D6A400E218F3 /* Project object */ = {
			isa = PBXProject;
			attributes = {
				BuildIndependentTargetsInParallel = 1;
				LastSwiftUpdateCheck = 1640;
				LastUpgradeCheck = 1640;
				TargetAttributes = {
					E1725B602ED4D6A400E218F3 = {
						CreatedOnToolsVersion = 16.4;
					};
					E1725B6E2ED4D6A500E218F3 = {
						CreatedOnToolsVersion = 16.4;
						TestTargetID = E1725B602ED4D6A400E218F3;
					};
					E1725B782ED4D6A500E218F3 = {
						CreatedOnToolsVersion = 16.4;
						TestTargetID = E1725B602ED4D6A400E218F3;
					};
				};
			};
			buildConfigurationList = E1725B5C2ED4D6A400E218F3 /* Build configuration list for PBXProject "PruebaPPP" */;
			developmentRegion = en;
			hasScannedForEncodings = 0;
			knownRegions = (
				en,
				Base,
			);
			mainGroup = E1725B582ED4D6A400E218F3;
			minimizedProjectReferenceProxies = 1;
			packageReferences = (
				E1725BD72ED670F600E218F3 /* XCRemoteSwiftPackageReference "firebase-ios-sdk" */,
			);
			preferredProjectObjectVersion = 77;
			productRefGroup = E1725B622ED4D6A400E218F3 /* Products */;
			projectDirPath = "";
			projectRoot = "";
			targets = (
				E1725B602ED4D6A400E218F3 /* PruebaPPP */,
				E1725B6E2ED4D6A500E218F3 /* PruebaPPPTests */,
				E1725B782ED4D6A500E218F3 /* PruebaPPPUITests */,
			);
		};
/* End PBXProject section */

/* Begin PBXResourcesBuildPhase section */
		E1725B5F2ED4D6A400E218F3 /* Resources */ = {
			isa = PBXResourcesBuildPhase;
			buildActionMask = 2147483647;
			files = (
			);
			runOnlyForDeploymentPostprocessing = 0;
		};
		E1725B6D2ED4D6A500E218F3 /* Resources */ = {
			isa = PBXResourcesBuildPhase;
			buildActionMask = 2147483647;
			files = (
			);
			runOnlyForDeploymentPostprocessing = 0;
		};
		E1725B772ED4D6A500E218F3 /* Resources */ = {
			isa = PBXResourcesBuildPhase;
			buildActionMask = 2147483647;
			files = (
			);
			runOnlyForDeploymentPostprocessing = 0;
		};
/* End PBXResourcesBuildPhase section */

/* Begin PBXSourcesBuildPhase section */
		E1725B5D2ED4D6A400E218F3 /* Sources */ = {
			isa = PBXSourcesBuildPhase;
			buildActionMask = 2147483647;
			files = (
			);
			runOnlyForDeploymentPostprocessing = 0;
		};
		E1725B6B2ED4D6A500E218F3 /* Sources */ = {
			isa = PBXSourcesBuildPhase;
			buildActionMask = 2147483647;
			files = (
			);
			runOnlyForDeploymentPostprocessing = 0;
		};
		E1725B752ED4D6A500E218F3 /* Sources */ = {
			isa = PBXSourcesBuildPhase;
			buildActionMask = 2147483647;
			files = (
			);
			runOnlyForDeploymentPostprocessing = 0;
		};
/* End PBXSourcesBuildPhase section */

/* Begin PBXTargetDependency section */
		E1725B712ED4D6A500E218F3 /* PBXTargetDependency */ = {
			isa = PBXTargetDependency;
			target = E1725B602ED4D6A400E218F3 /* PruebaPPP */;
			targetProxy = E1725B702ED4D6A500E218F3 /* PBXContainerItemProxy */;
		};
		E1725B7B2ED4D6A500E218F3 /* PBXTargetDependency */ = {
			isa = PBXTargetDependency;
			target = E1725B602ED4D6A400E218F3 /* PruebaPPP */;
			targetProxy = E1725B7A2ED4D6A500E218F3 /* PBXContainerItemProxy */;
		};
/* End PBXTargetDependency section */

/* Begin XCBuildConfiguration section */
		E1725B812ED4D6A500E218F3 /* Debug */ = {
			isa = XCBuildConfiguration;
			buildSettings = {
				ALWAYS_SEARCH_USER_PATHS = NO;
				ASSETCATALOG_COMPILER_GENERATE_SWIFT_ASSET_SYMBOL_EXTENSIONS = YES;
				CLANG_ANALYZER_NONNULL = YES;
				CLANG_ANALYZER_NUMBER_OBJECT_CONVERSION = YES_AGGRESSIVE;
				CLANG_CXX_LANGUAGE_STANDARD = "gnu++20";
				CLANG_ENABLE_MODULES = YES;
				CLANG_ENABLE_OBJC_ARC = YES;
				CLANG_ENABLE_OBJC_WEAK = YES;
				CLANG_WARN_BLOCK_CAPTURE_AUTORELEASING = YES;
				CLANG_WARN_BOOL_CONVERSION = YES;
				CLANG_WARN_COMMA = YES;
				CLANG_WARN_CONSTANT_CONVERSION = YES;
				CLANG_WARN_DEPRECATED_OBJC_IMPLEMENTATIONS = YES;
				CLANG_WARN_DIRECT_OBJC_ISA_USAGE = YES_ERROR;
				CLANG_WARN_DOCUMENTATION_COMMENTS = YES;
				CLANG_WARN_EMPTY_BODY = YES;
				CLANG_WARN_ENUM_CONVERSION = YES;
				CLANG_WARN_INFINITE_RECURSION = YES;
				CLANG_WARN_INT_CONVERSION = YES;
				CLANG_WARN_NON_LITERAL_NULL_CONVERSION = YES;
				CLANG_WARN_OBJC_IMPLICIT_RETAIN_SELF = YES;
				CLANG_WARN_OBJC_LITERAL_CONVERSION = YES;
				CLANG_WARN_OBJC_ROOT_CLASS = YES_ERROR;
				CLANG_WARN_QUOTED_INCLUDE_IN_FRAMEWORK_HEADER = YES;
				CLANG_WARN_RANGE_LOOP_ANALYSIS = YES;
				CLANG_WARN_STRICT_PROTOTYPES = YES;
				CLANG_WARN_SUSPICIOUS_MOVE = YES;
				CLANG_WARN_UNGUARDED_AVAILABILITY = YES_AGGRESSIVE;
				CLANG_WARN_UNREACHABLE_CODE = YES;
				CLANG_WARN__DUPLICATE_METHOD_MATCH = YES;
				COPY_PHASE_STRIP = NO;
				DEBUG_INFORMATION_FORMAT = dwarf;
				ENABLE_STRICT_OBJC_MSGSEND = YES;
				ENABLE_TESTABILITY = YES;
				ENABLE_USER_SCRIPT_SANDBOXING = YES;
				GCC_C_LANGUAGE_STANDARD = gnu17;
				GCC_DYNAMIC_NO_PIC = NO;
				GCC_NO_COMMON_BLOCKS = YES;
				GCC_OPTIMIZATION_LEVEL = 0;
				GCC_PREPROCESSOR_DEFINITIONS = (
					"DEBUG=1",
					"$(inherited)",
				);
				GCC_WARN_64_TO_32_BIT_CONVERSION = YES;
				GCC_WARN_ABOUT_RETURN_TYPE = YES_ERROR;
				GCC_WARN_UNDECLARED_SELECTOR = YES;
				GCC_WARN_UNINITIALIZED_AUTOS = YES_AGGRESSIVE;
				GCC_WARN_UNUSED_FUNCTION = YES;
				GCC_WARN_UNUSED_VARIABLE = YES;
				LOCALIZATION_PREFERS_STRING_CATALOGS = YES;
				MTL_ENABLE_DEBUG_INFO = INCLUDE_SOURCE;
				MTL_FAST_MATH = YES;
				ONLY_ACTIVE_ARCH = YES;
				SWIFT_ACTIVE_COMPILATION_CONDITIONS = "DEBUG $(inherited)";
				SWIFT_OPTIMIZATION_LEVEL = "-Onone";
			};
			name = Debug;
		};
		E1725B822ED4D6A500E218F3 /* Release */ = {
			isa = XCBuildConfiguration;
			buildSettings = {
				ALWAYS_SEARCH_USER_PATHS = NO;
				ASSETCATALOG_COMPILER_GENERATE_SWIFT_ASSET_SYMBOL_EXTENSIONS = YES;
				CLANG_ANALYZER_NONNULL = YES;
				CLANG_ANALYZER_NUMBER_OBJECT_CONVERSION = YES_AGGRESSIVE;
				CLANG_CXX_LANGUAGE_STANDARD = "gnu++20";
				CLANG_ENABLE_MODULES = YES;
				CLANG_ENABLE_OBJC_ARC = YES;
				CLANG_ENABLE_OBJC_WEAK = YES;
				CLANG_WARN_BLOCK_CAPTURE_AUTORELEASING = YES;
				CLANG_WARN_BOOL_CONVERSION = YES;
				CLANG_WARN_COMMA = YES;
				CLANG_WARN_CONSTANT_CONVERSION = YES;
				CLANG_WARN_DEPRECATED_OBJC_IMPLEMENTATIONS = YES;
				CLANG_WARN_DIRECT_OBJC_ISA_USAGE = YES_ERROR;
				CLANG_WARN_DOCUMENTATION_COMMENTS = YES;
				CLANG_WARN_EMPTY_BODY = YES;
				CLANG_WARN_ENUM_CONVERSION = YES;
				CLANG_WARN_INFINITE_RECURSION = YES;
				CLANG_WARN_INT_CONVERSION = YES;
				CLANG_WARN_NON_LITERAL_NULL_CONVERSION = YES;
				CLANG_WARN_OBJC_IMPLICIT_RETAIN_SELF = YES;
				CLANG_WARN_OBJC_LITERAL_CONVERSION = YES;
				CLANG_WARN_OBJC_ROOT_CLASS = YES_ERROR;
				CLANG_WARN_QUOTED_INCLUDE_IN_FRAMEWORK_HEADER = YES;
				CLANG_WARN_RANGE_LOOP_ANALYSIS = YES;
				CLANG_WARN_STRICT_PROTOTYPES = YES;
				CLANG_WARN_SUSPICIOUS_MOVE = YES;
				CLANG_WARN_UNGUARDED_AVAILABILITY = YES_AGGRESSIVE;
				CLANG_WARN_UNREACHABLE_CODE = YES;
				CLANG_WARN__DUPLICATE_METHOD_MATCH = YES;
				COPY_PHASE_STRIP = NO;
				DEBUG_INFORMATION_FORMAT = "dwarf-with-dsym";
				ENABLE_NS_ASSERTIONS = NO;
				ENABLE_STRICT_OBJC_MSGSEND = YES;
				ENABLE_USER_SCRIPT_SANDBOXING = YES;
				GCC_C_LANGUAGE_STANDARD = gnu17;
				GCC_NO_COMMON_BLOCKS = YES;
				GCC_WARN_64_TO_32_BIT_CONVERSION = YES;
				GCC_WARN_ABOUT_RETURN_TYPE = YES_ERROR;
				GCC_WARN_UNDECLARED_SELECTOR = YES;
				GCC_WARN_UNINITIALIZED_AUTOS = YES_AGGRESSIVE;
				GCC_WARN_UNUSED_FUNCTION = YES;
				GCC_WARN_UNUSED_VARIABLE = YES;
				LOCALIZATION_PREFERS_STRING_CATALOGS = YES;
				MTL_ENABLE_DEBUG_INFO = NO;
				MTL_FAST_MATH = YES;
				SWIFT_COMPILATION_MODE = wholemodule;
			};
			name = Release;
		};
		E1725B842ED4D6A500E218F3 /* Debug */ = {
			isa = XCBuildConfiguration;
			buildSettings = {
				ASSETCATALOG_COMPILER_APPICON_NAME = AppIcon;
				ASSETCATALOG_COMPILER_GLOBAL_ACCENT_COLOR_NAME = AccentColor;
				CODE_SIGN_ENTITLEMENTS = PruebaPPP/PruebaPPP.entitlements;
				CODE_SIGN_STYLE = Automatic;
				CURRENT_PROJECT_VERSION = 1;
				DEVELOPMENT_TEAM = M48DV7955W;
				ENABLE_PREVIEWS = YES;
				GENERATE_INFOPLIST_FILE = YES;
				INFOPLIST_FILE = "PruebaPPP/Info-Content.plist";
				"INFOPLIST_KEY_UIApplicationSceneManifest_Generation[sdk=iphoneos*]" = YES;
				"INFOPLIST_KEY_UIApplicationSceneManifest_Generation[sdk=iphonesimulator*]" = YES;
				"INFOPLIST_KEY_UIApplicationSupportsIndirectInputEvents[sdk=iphoneos*]" = YES;
				"INFOPLIST_KEY_UIApplicationSupportsIndirectInputEvents[sdk=iphonesimulator*]" = YES;
				"INFOPLIST_KEY_UILaunchScreen_Generation[sdk=iphoneos*]" = YES;
				"INFOPLIST_KEY_UILaunchScreen_Generation[sdk=iphonesimulator*]" = YES;
				"INFOPLIST_KEY_UIStatusBarStyle[sdk=iphoneos*]" = UIStatusBarStyleDefault;
				"INFOPLIST_KEY_UIStatusBarStyle[sdk=iphonesimulator*]" = UIStatusBarStyleDefault;
				INFOPLIST_KEY_UISupportedInterfaceOrientations_iPad = "UIInterfaceOrientationPortrait UIInterfaceOrientationPortraitUpsideDown UIInterfaceOrientationLandscapeLeft UIInterfaceOrientationLandscapeRight";
				INFOPLIST_KEY_UISupportedInterfaceOrientations_iPhone = "UIInterfaceOrientationPortrait UIInterfaceOrientationLandscapeLeft UIInterfaceOrientationLandscapeRight";
				IPHONEOS_DEPLOYMENT_TARGET = 18.5;
				LD_RUNPATH_SEARCH_PATHS = "@executable_path/Frameworks";
				"LD_RUNPATH_SEARCH_PATHS[sdk=macosx*]" = "@executable_path/../Frameworks";
				MACOSX_DEPLOYMENT_TARGET = 15.5;
				MARKETING_VERSION = 1.0;
				PRODUCT_BUNDLE_IDENTIFIER = com.blueecodelabs.GymRatp;
				PRODUCT_NAME = "$(TARGET_NAME)";
				REGISTER_APP_GROUPS = YES;
				SDKROOT = auto;
				SUPPORTED_PLATFORMS = "iphoneos iphonesimulator macosx xros xrsimulator";
				SWIFT_EMIT_LOC_STRINGS = YES;
				SWIFT_VERSION = 5.0;
				TARGETED_DEVICE_FAMILY = "1,2,7";
				XROS_DEPLOYMENT_TARGET = 2.5;
			};
			name = Debug;
		};
		E1725B852ED4D6A500E218F3 /* Release */ = {
			isa = XCBuildConfiguration;
			buildSettings = {
				ASSETCATALOG_COMPILER_APPICON_NAME = AppIcon;
				ASSETCATALOG_COMPILER_GLOBAL_ACCENT_COLOR_NAME = AccentColor;
				CODE_SIGN_ENTITLEMENTS = PruebaPPP/PruebaPPP.entitlements;
				CODE_SIGN_STYLE = Automatic;
				CURRENT_PROJECT_VERSION = 1;
				DEVELOPMENT_TEAM = M48DV7955W;
				ENABLE_PREVIEWS = YES;
				GENERATE_INFOPLIST_FILE = YES;
				INFOPLIST_FILE = "PruebaPPP/Info-Content.plist";
				"INFOPLIST_KEY_UIApplicationSceneManifest_Generation[sdk=iphoneos*]" = YES;
				"INFOPLIST_KEY_UIApplicationSceneManifest_Generation[sdk=iphonesimulator*]" = YES;
				"INFOPLIST_KEY_UIApplicationSupportsIndirectInputEvents[sdk=iphoneos*]" = YES;
				"INFOPLIST_KEY_UIApplicationSupportsIndirectInputEvents[sdk=iphonesimulator*]" = YES;
				"INFOPLIST_KEY_UILaunchScreen_Generation[sdk=iphoneos*]" = YES;
				"INFOPLIST_KEY_UILaunchScreen_Generation[sdk=iphonesimulator*]" = YES;
				"INFOPLIST_KEY_UIStatusBarStyle[sdk=iphoneos*]" = UIStatusBarStyleDefault;
				"INFOPLIST_KEY_UIStatusBarStyle[sdk=iphonesimulator*]" = UIStatusBarStyleDefault;
				INFOPLIST_KEY_UISupportedInterfaceOrientations_iPad = "UIInterfaceOrientationPortrait UIInterfaceOrientationPortraitUpsideDown UIInterfaceOrientationLandscapeLeft UIInterfaceOrientationLandscapeRight";
				INFOPLIST_KEY_UISupportedInterfaceOrientations_iPhone = "UIInterfaceOrientationPortrait UIInterfaceOrientationLandscapeLeft UIInterfaceOrientationLandscapeRight";
				IPHONEOS_DEPLOYMENT_TARGET = 18.5;
				LD_RUNPATH_SEARCH_PATHS = "@executable_path/Frameworks";
				"LD_RUNPATH_SEARCH_PATHS[sdk=macosx*]" = "@executable_path/../Frameworks";
				MACOSX_DEPLOYMENT_TARGET = 15.5;
				MARKETING_VERSION = 1.0;
				PRODUCT_BUNDLE_IDENTIFIER = com.blueecodelabs.GymRatp;
				PRODUCT_NAME = "$(TARGET_NAME)";
				REGISTER_APP_GROUPS = YES;
				SDKROOT = auto;
				SUPPORTED_PLATFORMS = "iphoneos iphonesimulator macosx xros xrsimulator";
				SWIFT_EMIT_LOC_STRINGS = YES;
				SWIFT_VERSION = 5.0;
				TARGETED_DEVICE_FAMILY = "1,2,7";
				XROS_DEPLOYMENT_TARGET = 2.5;
			};
			name = Release;
		};
		E1725B872ED4D6A500E218F3 /* Debug */ = {
			isa = XCBuildConfiguration;
			buildSettings = {
				BUNDLE_LOADER = "$(TEST_HOST)";
				CODE_SIGN_STYLE = Automatic;
				CURRENT_PROJECT_VERSION = 1;
				GENERATE_INFOPLIST_FILE = YES;
				IPHONEOS_DEPLOYMENT_TARGET = 18.5;
				MACOSX_DEPLOYMENT_TARGET = 15.5;
				MARKETING_VERSION = 1.0;
				PRODUCT_BUNDLE_IDENTIFIER = com.blueecodelabs.PruebaPPPTests;
				PRODUCT_NAME = "$(TARGET_NAME)";
				SDKROOT = auto;
				SUPPORTED_PLATFORMS = "iphoneos iphonesimulator macosx xros xrsimulator";
				SWIFT_EMIT_LOC_STRINGS = NO;
				SWIFT_VERSION = 5.0;
				TARGETED_DEVICE_FAMILY = "1,2,7";
				TEST_HOST = "$(BUILT_PRODUCTS_DIR)/PruebaPPP.app/$(BUNDLE_EXECUTABLE_FOLDER_PATH)/PruebaPPP";
				XROS_DEPLOYMENT_TARGET = 2.5;
			};
			name = Debug;
		};
		E1725B882ED4D6A500E218F3 /* Release */ = {
			isa = XCBuildConfiguration;
			buildSettings = {
				BUNDLE_LOADER = "$(TEST_HOST)";
				CODE_SIGN_STYLE = Automatic;
				CURRENT_PROJECT_VERSION = 1;
				GENERATE_INFOPLIST_FILE = YES;
				IPHONEOS_DEPLOYMENT_TARGET = 18.5;
				MACOSX_DEPLOYMENT_TARGET = 15.5;
				MARKETING_VERSION = 1.0;
				PRODUCT_BUNDLE_IDENTIFIER = com.blueecodelabs.PruebaPPPTests;
				PRODUCT_NAME = "$(TARGET_NAME)";
				SDKROOT = auto;
				SUPPORTED_PLATFORMS = "iphoneos iphonesimulator macosx xros xrsimulator";
				SWIFT_EMIT_LOC_STRINGS = NO;
				SWIFT_VERSION = 5.0;
				TARGETED_DEVICE_FAMILY = "1,2,7";
				TEST_HOST = "$(BUILT_PRODUCTS_DIR)/PruebaPPP.app/$(BUNDLE_EXECUTABLE_FOLDER_PATH)/PruebaPPP";
				XROS_DEPLOYMENT_TARGET = 2.5;
			};
			name = Release;
		};
		E1725B8A2ED4D6A500E218F3 /* Debug */ = {
			isa = XCBuildConfiguration;
			buildSettings = {
				CODE_SIGN_STYLE = Automatic;
				CURRENT_PROJECT_VERSION = 1;
				GENERATE_INFOPLIST_FILE = YES;
				IPHONEOS_DEPLOYMENT_TARGET = 18.5;
				MACOSX_DEPLOYMENT_TARGET = 15.5;
				MARKETING_VERSION = 1.0;
				PRODUCT_BUNDLE_IDENTIFIER = com.blueecodelabs.PruebaPPPUITests;
				PRODUCT_NAME = "$(TARGET_NAME)";
				SDKROOT = auto;
				SUPPORTED_PLATFORMS = "iphoneos iphonesimulator macosx xros xrsimulator";
				SWIFT_EMIT_LOC_STRINGS = NO;
				SWIFT_VERSION = 5.0;
				TARGETED_DEVICE_FAMILY = "1,2,7";
				TEST_TARGET_NAME = PruebaPPP;
				XROS_DEPLOYMENT_TARGET = 2.5;
			};
			name = Debug;
		};
		E1725B8B2ED4D6A500E218F3 /* Release */ = {
			isa = XCBuildConfiguration;
			buildSettings = {
				CODE_SIGN_STYLE = Automatic;
				CURRENT_PROJECT_VERSION = 1;
				GENERATE_INFOPLIST_FILE = YES;
				IPHONEOS_DEPLOYMENT_TARGET = 18.5;
				MACOSX_DEPLOYMENT_TARGET = 15.5;
				MARKETING_VERSION = 1.0;
				PRODUCT_BUNDLE_IDENTIFIER = com.blueecodelabs.PruebaPPPUITests;
				PRODUCT_NAME = "$(TARGET_NAME)";
				SDKROOT = auto;
				SUPPORTED_PLATFORMS = "iphoneos iphonesimulator macosx xros xrsimulator";
				SWIFT_EMIT_LOC_STRINGS = NO;
				SWIFT_VERSION = 5.0;
				TARGETED_DEVICE_FAMILY = "1,2,7";
				TEST_TARGET_NAME = PruebaPPP;
				XROS_DEPLOYMENT_TARGET = 2.5;
			};
			name = Release;
		};
/* End XCBuildConfiguration section */

/* Begin XCConfigurationList section */
		E1725B5C2ED4D6A400E218F3 /* Build configuration list for PBXProject "PruebaPPP" */ = {
			isa = XCConfigurationList;
			buildConfigurations = (
				E1725B812ED4D6A500E218F3 /* Debug */,
				E1725B822ED4D6A500E218F3 /* Release */,
			);
			defaultConfigurationIsVisible = 0;
			defaultConfigurationName = Release;
		};
		E1725B832ED4D6A500E218F3 /* Build configuration list for PBXNativeTarget "PruebaPPP" */ = {
			isa = XCConfigurationList;
			buildConfigurations = (
				E1725B842ED4D6A500E218F3 /* Debug */,
				E1725B852ED4D6A500E218F3 /* Release */,
			);
			defaultConfigurationIsVisible = 0;
			defaultConfigurationName = Release;
		};
		E1725B862ED4D6A500E218F3 /* Build configuration list for PBXNativeTarget "PruebaPPPTests" */ = {
			isa = XCConfigurationList;
			buildConfigurations = (
				E1725B872ED4D6A500E218F3 /* Debug */,
				E1725B882ED4D6A500E218F3 /* Release */,
			);
			defaultConfigurationIsVisible = 0;
			defaultConfigurationName = Release;
		};
		E1725B892ED4D6A500E218F3 /* Build configuration list for PBXNativeTarget "PruebaPPPUITests" */ = {
			isa = XCConfigurationList;
			buildConfigurations = (
				E1725B8A2ED4D6A500E218F3 /* Debug */,
				E1725B8B2ED4D6A500E218F3 /* Release */,
			);
			defaultConfigurationIsVisible = 0;
			defaultConfigurationName = Release;
		};
/* End XCConfigurationList section */

/* Begin XCRemoteSwiftPackageReference section */
		E1725BD72ED670F600E218F3 /* XCRemoteSwiftPackageReference "firebase-ios-sdk" */ = {
			isa = XCRemoteSwiftPackageReference;
			repositoryURL = "https://github.com/firebase/firebase-ios-sdk";
			requirement = {
				kind = upToNextMajorVersion;
				minimumVersion = 12.6.0;
			};
		};
/* End XCRemoteSwiftPackageReference section */

/* Begin XCSwiftPackageProductDependency section */
		E1725BD92ED6734900E218F3 /* FirebaseAnalytics */ = {
			isa = XCSwiftPackageProductDependency;
			package = E1725BD72ED670F600E218F3 /* XCRemoteSwiftPackageReference "firebase-ios-sdk" */;
			productName = FirebaseAnalytics;
		};
		E1725BDB2ED6738C00E218F3 /* FirebaseAI */ = {
			isa = XCSwiftPackageProductDependency;
			package = E1725BD72ED670F600E218F3 /* XCRemoteSwiftPackageReference "firebase-ios-sdk" */;
			productName = FirebaseAI;
		};
		E1725BDD2ED6738C00E218F3 /* FirebaseAILogic */ = {
			isa = XCSwiftPackageProductDependency;
			package = E1725BD72ED670F600E218F3 /* XCRemoteSwiftPackageReference "firebase-ios-sdk" */;
			productName = FirebaseAILogic;
		};
		E1725BDF2ED6738C00E218F3 /* FirebaseAnalyticsCore */ = {
			isa = XCSwiftPackageProductDependency;
			package = E1725BD72ED670F600E218F3 /* XCRemoteSwiftPackageReference "firebase-ios-sdk" */;
			productName = FirebaseAnalyticsCore;
		};
		E1725BE12ED6738C00E218F3 /* FirebaseAnalyticsIdentitySupport */ = {
			isa = XCSwiftPackageProductDependency;
			package = E1725BD72ED670F600E218F3 /* XCRemoteSwiftPackageReference "firebase-ios-sdk" */;
			productName = FirebaseAnalyticsIdentitySupport;
		};
		E1725BE32ED6738C00E218F3 /* FirebaseAppCheck */ = {
			isa = XCSwiftPackageProductDependency;
			package = E1725BD72ED670F600E218F3 /* XCRemoteSwiftPackageReference "firebase-ios-sdk" */;
			productName = FirebaseAppCheck;
		};
		E1725BE52ED6738C00E218F3 /* FirebaseAppDistribution-Beta */ = {
			isa = XCSwiftPackageProductDependency;
			package = E1725BD72ED670F600E218F3 /* XCRemoteSwiftPackageReference "firebase-ios-sdk" */;
			productName = "FirebaseAppDistribution-Beta";
		};
		E1725BE72ED6738C00E218F3 /* FirebaseAuth */ = {
			isa = XCSwiftPackageProductDependency;
			package = E1725BD72ED670F600E218F3 /* XCRemoteSwiftPackageReference "firebase-ios-sdk" */;
			productName = FirebaseAuth;
		};
		E1725BE92ED6738C00E218F3 /* FirebaseAuthCombine-Community */ = {
			isa = XCSwiftPackageProductDependency;
			package = E1725BD72ED670F600E218F3 /* XCRemoteSwiftPackageReference "firebase-ios-sdk" */;
			productName = "FirebaseAuthCombine-Community";
		};
		E1725BEB2ED6738C00E218F3 /* FirebaseCore */ = {
			isa = XCSwiftPackageProductDependency;
			package = E1725BD72ED670F600E218F3 /* XCRemoteSwiftPackageReference "firebase-ios-sdk" */;
			productName = FirebaseCore;
		};
		E1725BED2ED6738C00E218F3 /* FirebaseCrashlytics */ = {
			isa = XCSwiftPackageProductDependency;
			package = E1725BD72ED670F600E218F3 /* XCRemoteSwiftPackageReference "firebase-ios-sdk" */;
			productName = FirebaseCrashlytics;
		};
		E1725BEF2ED6738C00E218F3 /* FirebaseDatabase */ = {
			isa = XCSwiftPackageProductDependency;
			package = E1725BD72ED670F600E218F3 /* XCRemoteSwiftPackageReference "firebase-ios-sdk" */;
			productName = FirebaseDatabase;
		};
		E1725BF12ED6738C00E218F3 /* FirebaseFirestore */ = {
			isa = XCSwiftPackageProductDependency;
			package = E1725BD72ED670F600E218F3 /* XCRemoteSwiftPackageReference "firebase-ios-sdk" */;
			productName = FirebaseFirestore;
		};
		E1725BF32ED6738C00E218F3 /* FirebaseFirestoreCombine-Community */ = {
			isa = XCSwiftPackageProductDependency;
			package = E1725BD72ED670F600E218F3 /* XCRemoteSwiftPackageReference "firebase-ios-sdk" */;
			productName = "FirebaseFirestoreCombine-Community";
		};
		E1725BF52ED6738C00E218F3 /* FirebaseFunctions */ = {
			isa = XCSwiftPackageProductDependency;
			package = E1725BD72ED670F600E218F3 /* XCRemoteSwiftPackageReference "firebase-ios-sdk" */;
			productName = FirebaseFunctions;
		};
		E1725BF72ED6738C00E218F3 /* FirebaseFunctionsCombine-Community */ = {
			isa = XCSwiftPackageProductDependency;
			package = E1725BD72ED670F600E218F3 /* XCRemoteSwiftPackageReference "firebase-ios-sdk" */;
			productName = "FirebaseFunctionsCombine-Community";
		};
		E1725BF92ED6738D00E218F3 /* FirebaseInAppMessaging-Beta */ = {
			isa = XCSwiftPackageProductDependency;
			package = E1725BD72ED670F600E218F3 /* XCRemoteSwiftPackageReference "firebase-ios-sdk" */;
			productName = "FirebaseInAppMessaging-Beta";
		};
		E1725BFB2ED6738D00E218F3 /* FirebaseInstallations */ = {
			isa = XCSwiftPackageProductDependency;
			package = E1725BD72ED670F600E218F3 /* XCRemoteSwiftPackageReference "firebase-ios-sdk" */;
			productName = FirebaseInstallations;
		};
		E1725BFD2ED6738D00E218F3 /* FirebaseMessaging */ = {
			isa = XCSwiftPackageProductDependency;
			package = E1725BD72ED670F600E218F3 /* XCRemoteSwiftPackageReference "firebase-ios-sdk" */;
			productName = FirebaseMessaging;
		};
		E1725BFF2ED6738D00E218F3 /* FirebaseMLModelDownloader */ = {
			isa = XCSwiftPackageProductDependency;
			package = E1725BD72ED670F600E218F3 /* XCRemoteSwiftPackageReference "firebase-ios-sdk" */;
			productName = FirebaseMLModelDownloader;
		};
		E1725C012ED6738D00E218F3 /* FirebasePerformance */ = {
			isa = XCSwiftPackageProductDependency;
			package = E1725BD72ED670F600E218F3 /* XCRemoteSwiftPackageReference "firebase-ios-sdk" */;
			productName = FirebasePerformance;
		};
		E1725C032ED6738D00E218F3 /* FirebaseRemoteConfig */ = {
			isa = XCSwiftPackageProductDependency;
			package = E1725BD72ED670F600E218F3 /* XCRemoteSwiftPackageReference "firebase-ios-sdk" */;
			productName = FirebaseRemoteConfig;
		};
		E1725C052ED6738D00E218F3 /* FirebaseStorage */ = {
			isa = XCSwiftPackageProductDependency;
			package = E1725BD72ED670F600E218F3 /* XCRemoteSwiftPackageReference "firebase-ios-sdk" */;
			productName = FirebaseStorage;
		};
		E1725C072ED6738D00E218F3 /* FirebaseStorageCombine-Community */ = {
			isa = XCSwiftPackageProductDependency;
			package = E1725BD72ED670F600E218F3 /* XCRemoteSwiftPackageReference "firebase-ios-sdk" */;
			productName = "FirebaseStorageCombine-Community";
		};
/* End XCSwiftPackageProductDependency section */
	};
	rootObject = E1725B592ED4D6A400E218F3 /* Project object */;
}
